
Microsoft Visual Studio Solution File, Format Version 12.00
# Visual Studio Version 17
VisualStudioVersion = 17.5.002.0
MinimumVisualStudioVersion = 10.0.40219.1
Project("{9A19103F-16F7-4668-BE54-9A1E7A4F7556}") = "WeatherAPI", "WeatherAPI.csproj", "{BABAFF84-A4F2-487A-A15B-CCF1AB482D45}"
EndProject
Global
	GlobalSection(SolutionConfigurationPlatforms) = preSolution
		Debug|Any CPU = Debug|Any CPU
		Release|Any CPU = Release|Any CPU
	EndGlobalSection
	GlobalSection(ProjectConfigurationPlatforms) = postSolution
		{BABAFF84-A4F2-487A-A15B-CCF1AB482D45}.Debug|Any CPU.ActiveCfg = Debug|Any CPU
		{BABAFF84-A4F2-487A-A15B-CCF1AB482D45}.Debug|Any CPU.Build.0 = Debug|Any CPU
		{BABAFF84-A4F2-487A-A15B-CCF1AB482D45}.Release|Any CPU.ActiveCfg = Release|Any CPU
		{BABAFF84-A4F2-487A-A15B-CCF1AB482D45}.Release|Any CPU.Build.0 = Release|Any CPU
	EndGlobalSection
	GlobalSection(SolutionProperties) = preSolution
		HideSolutionNode = FALSE
	EndGlobalSection
	GlobalSection(ExtensibilityGlobals) = postSolution
		SolutionGuid = {0279C0CF-D97D-40E8-89E9-D878CA23C8E4}
	EndGlobalSection
EndGlobal
